{
  "nodes": {
    "flake-utils": {
      "locked": {
        "lastModified": 1610051610,
        "narHash": "sha256-U9rPz/usA1/Aohhk7Cmc2gBrEEKRzcW4nwPWMPwja4Y=",
        "owner": "numtide",
        "repo": "flake-utils",
        "rev": "3982c9903e93927c2164caa727cd3f6a0e6d14cc",
        "type": "github"
      },
      "original": {
        "owner": "numtide",
        "repo": "flake-utils",
        "type": "github"
      }
    },
    "mozilla": {
      "flake": false,
      "locked": {
        "lastModified": 1603906276,
        "narHash": "sha256-RsNPnEKd7BcogwkqhaV5kI/HuNC4flH/OQCC/4W5y/8=",
        "owner": "mozilla",
        "repo": "nixpkgs-mozilla",
        "rev": "8c007b60731c07dd7a052cce508de3bb1ae849b4",
        "type": "github"
      },
      "original": {
        "owner": "mozilla",
        "repo": "nixpkgs-mozilla",
        "type": "github"
      }
    },
    "nixpkgs": {
      "locked": {
        "lastModified": 1612269072,
        "narHash": "sha256-idqKgrqIUXdfLG83fTWI29PqmwzLbeBxf3sj6YJp6Qs=",
        "owner": "NixOS",
        "repo": "nixpkgs",
        "rev": "e7130630d96709c866491c73cdf516a992ef3f5d",
        "type": "github"
      },
      "original": {
        "id": "nixpkgs",
        "type": "indirect"
      }
    },
    "root": {
      "inputs": {
        "flake-utils": "flake-utils",
        "mozilla": "mozilla",
        "nixpkgs": "nixpkgs"
      }
    }
  },
  "root": "root",
  "version": 7
}
